{
    "hash": "73dc422e53f7ee16efc6866efa43fe5d",
    "packages": [
        {
            "package": "doctrine/common",
            "version": "2.2.2"
        },
        {
            "package": "doctrine/dbal",
            "version": "2.2.2"
        },
        {
            "package": "doctrine/doctrine-bundle",
            "version": "dev-master",
            "source-reference": "9c8cdd383be8d8a9fd8113289cd36e3453c81e1c"
        },
        {
            "package": "doctrine/orm",
            "version": "2.2.1"
        },
        {
            "package": "friendsofsymfony/rest",
            "version": "dev-master",
            "source-reference": "d9f772ddb9bb4fd0d952fa45cf0e5e76510b111c"
        },
        {
            "package": "friendsofsymfony/rest-bundle",
            "version": "dev-master",
            "source-reference": "441f2cd3c8aefc2d197dc94179e9be85717e26a5"
        },
        {
            "package": "friendsofsymfony/user-bundle",
            "version": "dev-master",
            "source-reference": "107cce6ab528ca74f53b7a5a6518c6fec108639a"
        },
        {
            "package": "imagine/Imagine",
            "version": "dev-master",
            "source-reference": "v0.2.8"
        },
        {
            "package": "jms/metadata",
            "version": "dev-master",
            "source-reference": "95bfbfbcbe573ff9ed5fd33fa39cdfe0da27220d"
        },
        {
            "package": "jms/serializer-bundle",
            "version": "dev-master",
            "source-reference": "4ce47e7ce898d6a431433c33e194d3fed7244bd1"
        },
        {
            "package": "jms/translation-bundle",
            "version": "dev-master",
            "source-reference": "3f65e8681d8544738ad3c9da82b29ed33221dd10"
        },
        {
            "package": "knplabs/gaufrette",
            "version": "dev-master",
            "source-reference": "00dfffc6adff3b0a675cbb491e75d464b0da929d"
        },
        {
            "package": "knplabs/knp-menu",
            "version": "dev-master",
            "source-reference": "582abde96d661a2367542e393a25c9cafe928b40",
            "alias": "1.1.9999999.9999999-dev"
        },
        {
            "package": "knplabs/knp-menu-bundle",
            "version": "dev-master",
            "source-reference": "dc12b1c8e56074d65b01eed51164c86d36579f86"
        },
        {
            "package": "kriswallsmith/assetic",
            "version": "dev-master",
            "source-reference": "3acfb6afa50dd1dca387a8dfb641cd3b98a8584d"
        },
        {
            "package": "kriswallsmith/buzz",
            "version": "dev-master",
            "source-reference": "8ffbb976ee4865a499567764956c6173f568a3b2"
        },
        {
            "package": "monolog/monolog",
            "version": "1.1.0"
        },
        {
            "package": "nikic/php-parser",
            "version": "dev-master",
            "source-reference": "f33cd97a8d1031bc9a85eb1d8f994ecf7c6255ef"
        },
        {
            "package": "sensio/distribution-bundle",
            "version": "dev-master",
            "source-reference": "77b7e8fabfb47ab81014759e59dd82f56f6c62f9"
        },
        {
            "package": "sensio/framework-extra-bundle",
            "version": "dev-master",
            "source-reference": "ab3130462a01437f4f748a778100e010c6d91ed3"
        },
        {
            "package": "sensio/generator-bundle",
            "version": "dev-master",
            "source-reference": "d570af6edd06f546f4f301300396c543aedc7f26"
        },
        {
            "package": "sonata-project/admin-bundle",
            "version": "dev-master",
            "source-reference": "5b4d0b251f4404be7bc5209f90b2e3c51fd26b1f"
        },
        {
            "package": "sonata-project/block-bundle",
            "version": "dev-master",
            "source-reference": "8609f372f02726460309a69b281152c56e9af8b9"
        },
        {
            "package": "sonata-project/cache-bundle",
            "version": "dev-master",
            "source-reference": "5b966e7350636750df7e45920acb30946415ba6d"
        },
        {
            "package": "sonata-project/doctrine-orm-admin-bundle",
            "version": "dev-master",
            "source-reference": "9e2ea953d53c0ed9412d30507029dc013851b818"
        },
        {
            "package": "sonata-project/easy-extends-bundle",
            "version": "dev-master",
            "source-reference": "a01068d79ac160105c1d757b9e3e65f74064803c"
        },
        {
            "package": "sonata-project/exporter",
            "version": "dev-master",
            "source-reference": "be2921f67b291a22186164af27a3aab9a577db17"
        },
        {
            "package": "sonata-project/jquery-bundle",
            "version": "dev-master",
            "source-reference": "01ffb8d1a7a4bb3971aed003e4f1ef050a0701aa"
        },
        {
            "package": "sonata-project/media-bundle",
            "version": "dev-master",
            "source-reference": "ffe5044511b4e5fe68ab55284bf6257dc0008b1f"
        },
        {
            "package": "sonata-project/user-bundle",
            "version": "dev-master",
            "source-reference": "df4590560addba1ef7e4866237b534fcf6abaeb5"
        },
        {
            "package": "swiftmailer/swiftmailer",
            "version": "dev-master",
            "source-reference": "57789082d1d53529dcf8cd3ca132d9787a59afee",
            "alias": "4.1.9999999.9999999-dev"
        },
        {
            "package": "symfony/assetic-bundle",
            "version": "dev-master",
            "source-reference": "d370e914e86518e88aa00ab266796ee032b8262e"
        },
        {
            "package": "symfony/monolog-bundle",
            "version": "dev-master",
            "source-reference": "4420d3a740ed35a0de1feab771bb6f7386cf2e33"
        },
        {
            "package": "symfony/swiftmailer-bridge",
            "version": "dev-master",
            "source-reference": "463536de4b149e1560bd764582cbf50dc9936ebd"
        },
        {
            "package": "symfony/swiftmailer-bundle",
            "version": "dev-master",
            "source-reference": "1c6b57fe57210e9dcb5b4586d6572f47d17a25d7"
        },
        {
            "package": "symfony/symfony",
            "version": "dev-master",
            "source-reference": "ff7c4757761e42cb264542086630c93988d64bcc",
            "alias": "2.1.9999999.9999999-dev"
        },
        {
            "package": "twig/extensions",
            "version": "dev-master",
            "source-reference": "446d870272cd87a720e95242eade38a2acf56eaa"
        },
        {
            "package": "twig/twig",
            "version": "v1.7.0"
        }
    ],
    "packages-dev": null,
    "aliases": [

    ]
}
